
Microsoft Visual Studio Solution File, Format Version 12.00
# Visual Studio Version 17
VisualStudioVersion = 17.0.32112.339
MinimumVisualStudioVersion = 10.0.40219.1
Project("{FAE04EC0-301F-11D3-BF4B-00C04F79EFBC}") = "MvcVideojuegos", "MvcVideojuegos\MvcVideojuegos.csproj", "{17FE80F4-C843-4B8A-8EBD-5432C8369AAB}"
EndProject
Global
	GlobalSection(SolutionConfigurationPlatforms) = preSolution
		Debug|Any CPU = Debug|Any CPU
		Release|Any CPU = Release|Any CPU
	EndGlobalSection
	GlobalSection(ProjectConfigurationPlatforms) = postSolution
		{17FE80F4-C843-4B8A-8EBD-5432C8369AAB}.Debug|Any CPU.ActiveCfg = Debug|Any CPU
		{17FE80F4-C843-4B8A-8EBD-5432C8369AAB}.Debug|Any CPU.Build.0 = Debug|Any CPU
		{17FE80F4-C843-4B8A-8EBD-5432C8369AAB}.Release|Any CPU.ActiveCfg = Release|Any CPU
		{17FE80F4-C843-4B8A-8EBD-5432C8369AAB}.Release|Any CPU.Build.0 = Release|Any CPU
	EndGlobalSection
	GlobalSection(SolutionProperties) = preSolution
		HideSolutionNode = FALSE
	EndGlobalSection
	GlobalSection(ExtensibilityGlobals) = postSolution
		SolutionGuid = {57EFF311-0D1B-4459-ACD5-D834E932BE93}
	EndGlobalSection
EndGlobal
